
Microsoft Visual Studio Solution File, Format Version 12.00
# Visual Studio Version 17
VisualStudioVersion = 17.8.34330.188
MinimumVisualStudioVersion = 10.0.40219.1
Project("{FAE04EC0-301F-11D3-BF4B-00C04F79EFBC}") = "DataBinding", "DataBinding\DataBinding.csproj", "{97BA7EAC-1670-4F61-94CA-7718B52974EC}"
EndProject
Global
	GlobalSection(SolutionConfigurationPlatforms) = preSolution
		Debug|Any CPU = Debug|Any CPU
		Release|Any CPU = Release|Any CPU
	EndGlobalSection
	GlobalSection(ProjectConfigurationPlatforms) = postSolution
		{97BA7EAC-1670-4F61-94CA-7718B52974EC}.Debug|Any CPU.ActiveCfg = Debug|Any CPU
		{97BA7EAC-1670-4F61-94CA-7718B52974EC}.Debug|Any CPU.Build.0 = Debug|Any CPU
		{97BA7EAC-1670-4F61-94CA-7718B52974EC}.Release|Any CPU.ActiveCfg = Release|Any CPU
		{97BA7EAC-1670-4F61-94CA-7718B52974EC}.Release|Any CPU.Build.0 = Release|Any CPU
	EndGlobalSection
	GlobalSection(SolutionProperties) = preSolution
		HideSolutionNode = FALSE
	EndGlobalSection
	GlobalSection(ExtensibilityGlobals) = postSolution
		SolutionGuid = {012176E6-9607-4AD4-B331-1F75EC7109A8}
	EndGlobalSection
EndGlobal
