
Microsoft Visual Studio Solution File, Format Version 12.00
# Visual Studio Version 17
VisualStudioVersion = 17.8.34330.188
MinimumVisualStudioVersion = 10.0.40219.1
Project("{FAE04EC0-301F-11D3-BF4B-00C04F79EFBC}") = "Challenge2", "Challenge2\Challenge2.csproj", "{F1D83091-A780-4E58-8B2F-7125398B9E1C}"
EndProject
Global
	GlobalSection(SolutionConfigurationPlatforms) = preSolution
		Debug|Any CPU = Debug|Any CPU
		Release|Any CPU = Release|Any CPU
	EndGlobalSection
	GlobalSection(ProjectConfigurationPlatforms) = postSolution
		{F1D83091-A780-4E58-8B2F-7125398B9E1C}.Debug|Any CPU.ActiveCfg = Debug|Any CPU
		{F1D83091-A780-4E58-8B2F-7125398B9E1C}.Debug|Any CPU.Build.0 = Debug|Any CPU
		{F1D83091-A780-4E58-8B2F-7125398B9E1C}.Release|Any CPU.ActiveCfg = Release|Any CPU
		{F1D83091-A780-4E58-8B2F-7125398B9E1C}.Release|Any CPU.Build.0 = Release|Any CPU
	EndGlobalSection
	GlobalSection(SolutionProperties) = preSolution
		HideSolutionNode = FALSE
	EndGlobalSection
	GlobalSection(ExtensibilityGlobals) = postSolution
		SolutionGuid = {825C653E-B0D1-4656-BE37-A82AAEB9C671}
	EndGlobalSection
EndGlobal
