
Microsoft Visual Studio Solution File, Format Version 12.00
# Visual Studio Version 17
VisualStudioVersion = 17.8.34330.188
MinimumVisualStudioVersion = 10.0.40219.1
Project("{FAE04EC0-301F-11D3-BF4B-00C04F79EFBC}") = "Section6", "Section6\Section6.csproj", "{9E58B60B-E543-436E-8E50-BB95091165AF}"
EndProject
Global
	GlobalSection(SolutionConfigurationPlatforms) = preSolution
		Debug|Any CPU = Debug|Any CPU
		Release|Any CPU = Release|Any CPU
	EndGlobalSection
	GlobalSection(ProjectConfigurationPlatforms) = postSolution
		{9E58B60B-E543-436E-8E50-BB95091165AF}.Debug|Any CPU.ActiveCfg = Debug|Any CPU
		{9E58B60B-E543-436E-8E50-BB95091165AF}.Debug|Any CPU.Build.0 = Debug|Any CPU
		{9E58B60B-E543-436E-8E50-BB95091165AF}.Release|Any CPU.ActiveCfg = Release|Any CPU
		{9E58B60B-E543-436E-8E50-BB95091165AF}.Release|Any CPU.Build.0 = Release|Any CPU
	EndGlobalSection
	GlobalSection(SolutionProperties) = preSolution
		HideSolutionNode = FALSE
	EndGlobalSection
	GlobalSection(ExtensibilityGlobals) = postSolution
		SolutionGuid = {22104CE7-CFB5-4EDD-87CB-D495763FF663}
	EndGlobalSection
EndGlobal
