
Microsoft Visual Studio Solution File, Format Version 12.00
# Visual Studio Version 17
VisualStudioVersion = 17.8.34330.188
MinimumVisualStudioVersion = 10.0.40219.1
Project("{FAE04EC0-301F-11D3-BF4B-00C04F79EFBC}") = "Challenge1", "Challenge1\Challenge1.csproj", "{49749C9B-1FC8-430F-90AA-5205E8B8B951}"
EndProject
Global
	GlobalSection(SolutionConfigurationPlatforms) = preSolution
		Debug|Any CPU = Debug|Any CPU
		Release|Any CPU = Release|Any CPU
	EndGlobalSection
	GlobalSection(ProjectConfigurationPlatforms) = postSolution
		{49749C9B-1FC8-430F-90AA-5205E8B8B951}.Debug|Any CPU.ActiveCfg = Debug|Any CPU
		{49749C9B-1FC8-430F-90AA-5205E8B8B951}.Debug|Any CPU.Build.0 = Debug|Any CPU
		{49749C9B-1FC8-430F-90AA-5205E8B8B951}.Release|Any CPU.ActiveCfg = Release|Any CPU
		{49749C9B-1FC8-430F-90AA-5205E8B8B951}.Release|Any CPU.Build.0 = Release|Any CPU
	EndGlobalSection
	GlobalSection(SolutionProperties) = preSolution
		HideSolutionNode = FALSE
	EndGlobalSection
	GlobalSection(ExtensibilityGlobals) = postSolution
		SolutionGuid = {2E248866-2E9D-43BF-B2D5-7299648BA309}
	EndGlobalSection
EndGlobal
